{
  "requires": true,
  "lockfileVersion": 1,
  "dependencies": {
    "d3-path": {
      "version": "2.0.0",
      "resolved": "https://registry.npmjs.org/d3-path/-/d3-path-2.0.0.tgz",
      "integrity": "sha512-ZwZQxKhBnv9yHaiWd6ZU4x5BtCQ7pXszEV9CU6kRgwIQVQGLMv1oiL4M+MK/n79sYzsj+gcgpPQSctJUsLN7fA=="
    },
    "d3-shape": {
      "version": "2.0.0",
      "resolved": "https://registry.npmjs.org/d3-shape/-/d3-shape-2.0.0.tgz",
      "integrity": "sha512-djpGlA779ua+rImicYyyjnOjeubyhql1Jyn1HK0bTyawuH76UQRWXd+pftr67H6Fa8hSwetkgb/0id3agKWykw==",
      "requires": {
        "d3-path": "1 - 2"
      }
    }
  }
}
